// !$*UTF8*$!
{
	archiveVersion = 1;
	classes = {
	};
	objectVersion = 56;
	objects = {

/* Begin PBXBuildFile section */
		9F56D223299F876E009F798D /* OfficeListViewController.swift in Sources */ = {isa = PBXBuildFile; fileRef = 9F56D221299F876E009F798D /* OfficeListViewController.swift */; };
		9F56D224299F876E009F798D /* OfficeListViewController.xib in Resources */ = {isa = PBXBuildFile; fileRef = 9F56D222299F876E009F798D /* OfficeListViewController.xib */; };
		9F56D226299F87AA009F798D /* OfficeListViewModel.swift in Sources */ = {isa = PBXBuildFile; fileRef = 9F56D225299F87AA009F798D /* OfficeListViewModel.swift */; };
		9F56D229299F87DA009F798D /* OfficeModels.swift in Sources */ = {isa = PBXBuildFile; fileRef = 9F56D228299F87DA009F798D /* OfficeModels.swift */; };
		9F56D22C299F8A52009F798D /* AppTabBarViewController.swift in Sources */ = {isa = PBXBuildFile; fileRef = 9F56D22A299F8A52009F798D /* AppTabBarViewController.swift */; };
		9F56D231299F9C0E009F798D /* OfficeLocationCollectionViewCell.swift in Sources */ = {isa = PBXBuildFile; fileRef = 9F56D22F299F9C0E009F798D /* OfficeLocationCollectionViewCell.swift */; };
		9F56D232299F9C0E009F798D /* OfficeLocationCollectionViewCell.xib in Resources */ = {isa = PBXBuildFile; fileRef = 9F56D230299F9C0E009F798D /* OfficeLocationCollectionViewCell.xib */; };
		9F56D235299FD16A009F798D /* AppTabbarViewModel.swift in Sources */ = {isa = PBXBuildFile; fileRef = 9F56D234299FD16A009F798D /* AppTabbarViewModel.swift */; };
		9F56D237299FDF65009F798D /* dxb.gpx in Resources */ = {isa = PBXBuildFile; fileRef = 9F56D236299FDF65009F798D /* dxb.gpx */; };
		9F69BD0C29A0B64000A9692B /* burj khalifa.gpx in Resources */ = {isa = PBXBuildFile; fileRef = 9F69BD0B29A0B64000A9692B /* burj khalifa.gpx */; };
		9F69BD0F29A0BAAE00A9692B /* MapDetailsViewController.swift in Sources */ = {isa = PBXBuildFile; fileRef = 9F69BD0D29A0BAAE00A9692B /* MapDetailsViewController.swift */; };
		9F69BD1029A0BAAE00A9692B /* MapDetailsViewController.xib in Resources */ = {isa = PBXBuildFile; fileRef = 9F69BD0E29A0BAAE00A9692B /* MapDetailsViewController.xib */; };
		9F69BD1429A0EFC200A9692B /* SDWebImage in Frameworks */ = {isa = PBXBuildFile; productRef = 9F69BD1329A0EFC200A9692B /* SDWebImage */; };
		9F70DFFA299E9095008D97A9 /* CustomerServiceCollectionViewCell.swift in Sources */ = {isa = PBXBuildFile; fileRef = 9F70DFF8299E9095008D97A9 /* CustomerServiceCollectionViewCell.swift */; };
		9F70DFFB299E9095008D97A9 /* CustomerServiceCollectionViewCell.xib in Resources */ = {isa = PBXBuildFile; fileRef = 9F70DFF9299E9095008D97A9 /* CustomerServiceCollectionViewCell.xib */; };
		9FA51243299E0DEE00EE7049 /* AppDelegate.swift in Sources */ = {isa = PBXBuildFile; fileRef = 9FA51242299E0DEE00EE7049 /* AppDelegate.swift */; };
		9FA51245299E0DEE00EE7049 /* SceneDelegate.swift in Sources */ = {isa = PBXBuildFile; fileRef = 9FA51244299E0DEE00EE7049 /* SceneDelegate.swift */; };
		9FA5124A299E0DEE00EE7049 /* Main.storyboard in Resources */ = {isa = PBXBuildFile; fileRef = 9FA51248299E0DEE00EE7049 /* Main.storyboard */; };
		9FA5124C299E0DF000EE7049 /* Assets.xcassets in Resources */ = {isa = PBXBuildFile; fileRef = 9FA5124B299E0DF000EE7049 /* Assets.xcassets */; };
		9FA5124F299E0DF000EE7049 /* LaunchScreen.storyboard in Resources */ = {isa = PBXBuildFile; fileRef = 9FA5124D299E0DF000EE7049 /* LaunchScreen.storyboard */; };
		9FA5125A299E0DF100EE7049 /* Composition_Deffable_DEWATests.swift in Sources */ = {isa = PBXBuildFile; fileRef = 9FA51259299E0DF100EE7049 /* Composition_Deffable_DEWATests.swift */; };
		9FA51264299E0DF100EE7049 /* Composition_Deffable_DEWAUITests.swift in Sources */ = {isa = PBXBuildFile; fileRef = 9FA51263299E0DF100EE7049 /* Composition_Deffable_DEWAUITests.swift */; };
		9FA51266299E0DF100EE7049 /* Composition_Deffable_DEWAUITestsLaunchTests.swift in Sources */ = {isa = PBXBuildFile; fileRef = 9FA51265299E0DF100EE7049 /* Composition_Deffable_DEWAUITestsLaunchTests.swift */; };
		9FA51277299E129100EE7049 /* ViewControllerFactory.swift in Sources */ = {isa = PBXBuildFile; fileRef = 9FA51276299E129100EE7049 /* ViewControllerFactory.swift */; };
		9FA5127A299E12E100EE7049 /* LocationListViewController.swift in Sources */ = {isa = PBXBuildFile; fileRef = 9FA51278299E12E100EE7049 /* LocationListViewController.swift */; };
		9FA5127B299E12E100EE7049 /* LocationListViewController.xib in Resources */ = {isa = PBXBuildFile; fileRef = 9FA51279299E12E100EE7049 /* LocationListViewController.xib */; };
		9FA5127D299E140400EE7049 /* LocationManager.swift in Sources */ = {isa = PBXBuildFile; fileRef = 9FA5127C299E140400EE7049 /* LocationManager.swift */; };
		9FA5127F299E19E400EE7049 /* ColorUtil.swift in Sources */ = {isa = PBXBuildFile; fileRef = 9FA5127E299E19E400EE7049 /* ColorUtil.swift */; };
		9FA51281299E1AF400EE7049 /* BaseViewController.swift in Sources */ = {isa = PBXBuildFile; fileRef = 9FA51280299E1AF400EE7049 /* BaseViewController.swift */; };
		9FA51287299E276600EE7049 /* HTTPClient.swift in Sources */ = {isa = PBXBuildFile; fileRef = 9FA51283299E276500EE7049 /* HTTPClient.swift */; };
		9FA51288299E276600EE7049 /* RequestError.swift in Sources */ = {isa = PBXBuildFile; fileRef = 9FA51284299E276600EE7049 /* RequestError.swift */; };
		9FA51289299E276600EE7049 /* Endpoint.swift in Sources */ = {isa = PBXBuildFile; fileRef = 9FA51285299E276600EE7049 /* Endpoint.swift */; };
		9FA5128A299E276600EE7049 /* RequestMethod.swift in Sources */ = {isa = PBXBuildFile; fileRef = 9FA51286299E276600EE7049 /* RequestMethod.swift */; };
		9FA5128D299E27A500EE7049 /* LocationEndpoint.swift in Sources */ = {isa = PBXBuildFile; fileRef = 9FA5128C299E27A400EE7049 /* LocationEndpoint.swift */; };
		9FA51290299E284A00EE7049 /* XMLParsing in Frameworks */ = {isa = PBXBuildFile; productRef = 9FA5128F299E284A00EE7049 /* XMLParsing */; };
		9FA51292299E2B3D00EE7049 /* LocationListViewModel.swift in Sources */ = {isa = PBXBuildFile; fileRef = 9FA51291299E2B3D00EE7049 /* LocationListViewModel.swift */; };
		9FA51295299E2BA500EE7049 /* Location.swift in Sources */ = {isa = PBXBuildFile; fileRef = 9FA51294299E2BA500EE7049 /* Location.swift */; };
/* End PBXBuildFile section */

/* Begin PBXContainerItemProxy section */
		9FA51256299E0DF100EE7049 /* PBXContainerItemProxy */ = {
			isa = PBXContainerItemProxy;
			containerPortal = 9FA51237299E0DEE00EE7049 /* Project object */;
			proxyType = 1;
			remoteGlobalIDString = 9FA5123E299E0DEE00EE7049;
			remoteInfo = "Composition-Deffable-DEWA";
		};
		9FA51260299E0DF100EE7049 /* PBXContainerItemProxy */ = {
			isa = PBXContainerItemProxy;
			containerPortal = 9FA51237299E0DEE00EE7049 /* Project object */;
			proxyType = 1;
			remoteGlobalIDString = 9FA5123E299E0DEE00EE7049;
			remoteInfo = "Composition-Deffable-DEWA";
		};
/* End PBXContainerItemProxy section */

/* Begin PBXFileReference section */
		9F56D221299F876E009F798D /* OfficeListViewController.swift */ = {isa = PBXFileReference; lastKnownFileType = sourcecode.swift; path = OfficeListViewController.swift; sourceTree = "<group>"; };
		9F56D222299F876E009F798D /* OfficeListViewController.xib */ = {isa = PBXFileReference; lastKnownFileType = file.xib; path = OfficeListViewController.xib; sourceTree = "<group>"; };
		9F56D225299F87AA009F798D /* OfficeListViewModel.swift */ = {isa = PBXFileReference; lastKnownFileType = sourcecode.swift; path = OfficeListViewModel.swift; sourceTree = "<group>"; };
		9F56D228299F87DA009F798D /* OfficeModels.swift */ = {isa = PBXFileReference; lastKnownFileType = sourcecode.swift; path = OfficeModels.swift; sourceTree = "<group>"; };
		9F56D22A299F8A52009F798D /* AppTabBarViewController.swift */ = {isa = PBXFileReference; lastKnownFileType = sourcecode.swift; path = AppTabBarViewController.swift; sourceTree = "<group>"; };
		9F56D22F299F9C0E009F798D /* OfficeLocationCollectionViewCell.swift */ = {isa = PBXFileReference; lastKnownFileType = sourcecode.swift; path = OfficeLocationCollectionViewCell.swift; sourceTree = "<group>"; };
		9F56D230299F9C0E009F798D /* OfficeLocationCollectionViewCell.xib */ = {isa = PBXFileReference; lastKnownFileType = file.xib; path = OfficeLocationCollectionViewCell.xib; sourceTree = "<group>"; };
		9F56D234299FD16A009F798D /* AppTabbarViewModel.swift */ = {isa = PBXFileReference; lastKnownFileType = sourcecode.swift; path = AppTabbarViewModel.swift; sourceTree = "<group>"; };
		9F56D236299FDF65009F798D /* dxb.gpx */ = {isa = PBXFileReference; fileEncoding = 4; lastKnownFileType = text.xml; path = dxb.gpx; sourceTree = "<group>"; };
		9F69BD0B29A0B64000A9692B /* burj khalifa.gpx */ = {isa = PBXFileReference; fileEncoding = 4; lastKnownFileType = text.xml; path = "burj khalifa.gpx"; sourceTree = "<group>"; };
		9F69BD0D29A0BAAE00A9692B /* MapDetailsViewController.swift */ = {isa = PBXFileReference; lastKnownFileType = sourcecode.swift; path = MapDetailsViewController.swift; sourceTree = "<group>"; };
		9F69BD0E29A0BAAE00A9692B /* MapDetailsViewController.xib */ = {isa = PBXFileReference; lastKnownFileType = file.xib; path = MapDetailsViewController.xib; sourceTree = "<group>"; };
		9F70DFF8299E9095008D97A9 /* CustomerServiceCollectionViewCell.swift */ = {isa = PBXFileReference; lastKnownFileType = sourcecode.swift; path = CustomerServiceCollectionViewCell.swift; sourceTree = "<group>"; };
		9F70DFF9299E9095008D97A9 /* CustomerServiceCollectionViewCell.xib */ = {isa = PBXFileReference; lastKnownFileType = file.xib; path = CustomerServiceCollectionViewCell.xib; sourceTree = "<group>"; };
		9FA5123F299E0DEE00EE7049 /* Compositional-Diffable-DEWA.app */ = {isa = PBXFileReference; explicitFileType = wrapper.application; includeInIndex = 0; path = "Compositional-Diffable-DEWA.app"; sourceTree = BUILT_PRODUCTS_DIR; };
		9FA51242299E0DEE00EE7049 /* AppDelegate.swift */ = {isa = PBXFileReference; lastKnownFileType = sourcecode.swift; path = AppDelegate.swift; sourceTree = "<group>"; };
		9FA51244299E0DEE00EE7049 /* SceneDelegate.swift */ = {isa = PBXFileReference; lastKnownFileType = sourcecode.swift; path = SceneDelegate.swift; sourceTree = "<group>"; };
		9FA51249299E0DEE00EE7049 /* Base */ = {isa = PBXFileReference; lastKnownFileType = file.storyboard; name = Base; path = Base.lproj/Main.storyboard; sourceTree = "<group>"; };
		9FA5124B299E0DF000EE7049 /* Assets.xcassets */ = {isa = PBXFileReference; lastKnownFileType = folder.assetcatalog; path = Assets.xcassets; sourceTree = "<group>"; };
		9FA5124E299E0DF000EE7049 /* Base */ = {isa = PBXFileReference; lastKnownFileType = file.storyboard; name = Base; path = Base.lproj/LaunchScreen.storyboard; sourceTree = "<group>"; };
		9FA51250299E0DF000EE7049 /* Info.plist */ = {isa = PBXFileReference; lastKnownFileType = text.plist.xml; path = Info.plist; sourceTree = "<group>"; };
		9FA51255299E0DF100EE7049 /* Compositional-Diffable-DEWATests.xctest */ = {isa = PBXFileReference; explicitFileType = wrapper.cfbundle; includeInIndex = 0; path = "Compositional-Diffable-DEWATests.xctest"; sourceTree = BUILT_PRODUCTS_DIR; };
		9FA51259299E0DF100EE7049 /* Composition_Deffable_DEWATests.swift */ = {isa = PBXFileReference; lastKnownFileType = sourcecode.swift; path = Composition_Deffable_DEWATests.swift; sourceTree = "<group>"; };
		9FA5125F299E0DF100EE7049 /* Compositional-Diffable-DEWAUITests.xctest */ = {isa = PBXFileReference; explicitFileType = wrapper.cfbundle; includeInIndex = 0; path = "Compositional-Diffable-DEWAUITests.xctest"; sourceTree = BUILT_PRODUCTS_DIR; };
		9FA51263299E0DF100EE7049 /* Composition_Deffable_DEWAUITests.swift */ = {isa = PBXFileReference; lastKnownFileType = sourcecode.swift; path = Composition_Deffable_DEWAUITests.swift; sourceTree = "<group>"; };
		9FA51265299E0DF100EE7049 /* Composition_Deffable_DEWAUITestsLaunchTests.swift */ = {isa = PBXFileReference; lastKnownFileType = sourcecode.swift; path = Composition_Deffable_DEWAUITestsLaunchTests.swift; sourceTree = "<group>"; };
		9FA51276299E129100EE7049 /* ViewControllerFactory.swift */ = {isa = PBXFileReference; lastKnownFileType = sourcecode.swift; path = ViewControllerFactory.swift; sourceTree = "<group>"; };
		9FA51278299E12E100EE7049 /* LocationListViewController.swift */ = {isa = PBXFileReference; lastKnownFileType = sourcecode.swift; path = LocationListViewController.swift; sourceTree = "<group>"; };
		9FA51279299E12E100EE7049 /* LocationListViewController.xib */ = {isa = PBXFileReference; lastKnownFileType = file.xib; path = LocationListViewController.xib; sourceTree = "<group>"; };
		9FA5127C299E140400EE7049 /* LocationManager.swift */ = {isa = PBXFileReference; lastKnownFileType = sourcecode.swift; path = LocationManager.swift; sourceTree = "<group>"; };
		9FA5127E299E19E400EE7049 /* ColorUtil.swift */ = {isa = PBXFileReference; lastKnownFileType = sourcecode.swift; path = ColorUtil.swift; sourceTree = "<group>"; };
		9FA51280299E1AF400EE7049 /* BaseViewController.swift */ = {isa = PBXFileReference; lastKnownFileType = sourcecode.swift; path = BaseViewController.swift; sourceTree = "<group>"; };
		9FA51283299E276500EE7049 /* HTTPClient.swift */ = {isa = PBXFileReference; fileEncoding = 4; lastKnownFileType = sourcecode.swift; path = HTTPClient.swift; sourceTree = "<group>"; };
		9FA51284299E276600EE7049 /* RequestError.swift */ = {isa = PBXFileReference; fileEncoding = 4; lastKnownFileType = sourcecode.swift; path = RequestError.swift; sourceTree = "<group>"; };
		9FA51285299E276600EE7049 /* Endpoint.swift */ = {isa = PBXFileReference; fileEncoding = 4; lastKnownFileType = sourcecode.swift; path = Endpoint.swift; sourceTree = "<group>"; };
		9FA51286299E276600EE7049 /* RequestMethod.swift */ = {isa = PBXFileReference; fileEncoding = 4; lastKnownFileType = sourcecode.swift; path = RequestMethod.swift; sourceTree = "<group>"; };
		9FA5128C299E27A400EE7049 /* LocationEndpoint.swift */ = {isa = PBXFileReference; fileEncoding = 4; lastKnownFileType = sourcecode.swift; path = LocationEndpoint.swift; sourceTree = "<group>"; };
		9FA51291299E2B3D00EE7049 /* LocationListViewModel.swift */ = {isa = PBXFileReference; lastKnownFileType = sourcecode.swift; path = LocationListViewModel.swift; sourceTree = "<group>"; };
		9FA51294299E2BA500EE7049 /* Location.swift */ = {isa = PBXFileReference; lastKnownFileType = sourcecode.swift; path = Location.swift; sourceTree = "<group>"; };
/* End PBXFileReference section */

/* Begin PBXFrameworksBuildPhase section */
		9FA5123C299E0DEE00EE7049 /* Frameworks */ = {
			isa = PBXFrameworksBuildPhase;
			buildActionMask = 2147483647;
			files = (
				9F69BD1429A0EFC200A9692B /* SDWebImage in Frameworks */,
				9FA51290299E284A00EE7049 /* XMLParsing in Frameworks */,
			);
			runOnlyForDeploymentPostprocessing = 0;
		};
		9FA51252299E0DF100EE7049 /* Frameworks */ = {
			isa = PBXFrameworksBuildPhase;
			buildActionMask = 2147483647;
			files = (
			);
			runOnlyForDeploymentPostprocessing = 0;
		};
		9FA5125C299E0DF100EE7049 /* Frameworks */ = {
			isa = PBXFrameworksBuildPhase;
			buildActionMask = 2147483647;
			files = (
			);
			runOnlyForDeploymentPostprocessing = 0;
		};
/* End PBXFrameworksBuildPhase section */

/* Begin PBXGroup section */
		9F56D21F299F8734009F798D /* OffilceList */ = {
			isa = PBXGroup;
			children = (
				9F56D227299F87CE009F798D /* Models */,
				9F56D233299F9C15009F798D /* Cells */,
				9F56D221299F876E009F798D /* OfficeListViewController.swift */,
				9F56D222299F876E009F798D /* OfficeListViewController.xib */,
				9F56D225299F87AA009F798D /* OfficeListViewModel.swift */,
			);
			path = OffilceList;
			sourceTree = "<group>";
		};
		9F56D220299F8742009F798D /* LocationList */ = {
			isa = PBXGroup;
			children = (
				9F70DFFC299E909B008D97A9 /* Cells */,
				9FA51293299E2B9B00EE7049 /* Models */,
				9FA51278299E12E100EE7049 /* LocationListViewController.swift */,
				9FA51279299E12E100EE7049 /* LocationListViewController.xib */,
				9FA51291299E2B3D00EE7049 /* LocationListViewModel.swift */,
			);
			path = LocationList;
			sourceTree = "<group>";
		};
		9F56D227299F87CE009F798D /* Models */ = {
			isa = PBXGroup;
			children = (
				9F56D228299F87DA009F798D /* OfficeModels.swift */,
			);
			path = Models;
			sourceTree = "<group>";
		};
		9F56D22E299F8A5A009F798D /* TabBar */ = {
			isa = PBXGroup;
			children = (
				9F56D22A299F8A52009F798D /* AppTabBarViewController.swift */,
				9F56D234299FD16A009F798D /* AppTabbarViewModel.swift */,
			);
			path = TabBar;
			sourceTree = "<group>";
		};
		9F56D233299F9C15009F798D /* Cells */ = {
			isa = PBXGroup;
			children = (
				9F56D22F299F9C0E009F798D /* OfficeLocationCollectionViewCell.swift */,
				9F56D230299F9C0E009F798D /* OfficeLocationCollectionViewCell.xib */,
			);
			path = Cells;
			sourceTree = "<group>";
		};
		9F69BD1129A0BAB500A9692B /* MapDetails */ = {
			isa = PBXGroup;
			children = (
				9F69BD0D29A0BAAE00A9692B /* MapDetailsViewController.swift */,
				9F69BD0E29A0BAAE00A9692B /* MapDetailsViewController.xib */,
			);
			path = MapDetails;
			sourceTree = "<group>";
		};
		9F70DFFC299E909B008D97A9 /* Cells */ = {
			isa = PBXGroup;
			children = (
				9F70DFF8299E9095008D97A9 /* CustomerServiceCollectionViewCell.swift */,
				9F70DFF9299E9095008D97A9 /* CustomerServiceCollectionViewCell.xib */,
			);
			path = Cells;
			sourceTree = "<group>";
		};
		9FA51236299E0DEE00EE7049 = {
			isa = PBXGroup;
			children = (
				9FA51241299E0DEE00EE7049 /* Composition-Deffable-DEWA */,
				9FA51258299E0DF100EE7049 /* Composition-Deffable-DEWATests */,
				9FA51262299E0DF100EE7049 /* Composition-Deffable-DEWAUITests */,
				9FA51240299E0DEE00EE7049 /* Products */,
			);
			sourceTree = "<group>";
		};
		9FA51240299E0DEE00EE7049 /* Products */ = {
			isa = PBXGroup;
			children = (
				9FA5123F299E0DEE00EE7049 /* Compositional-Diffable-DEWA.app */,
				9FA51255299E0DF100EE7049 /* Compositional-Diffable-DEWATests.xctest */,
				9FA5125F299E0DF100EE7049 /* Compositional-Diffable-DEWAUITests.xctest */,
			);
			name = Products;
			sourceTree = "<group>";
		};
		9FA51241299E0DEE00EE7049 /* Composition-Deffable-DEWA */ = {
			isa = PBXGroup;
			children = (
				9F56D236299FDF65009F798D /* dxb.gpx */,
				9F69BD0B29A0B64000A9692B /* burj khalifa.gpx */,
				9FA51275299E122E00EE7049 /* Base */,
				9FA51274299E122500EE7049 /* Modules */,
				9FA51273299E121800EE7049 /* Utils */,
				9FA51282299E272C00EE7049 /* Networking */,
				9FA51242299E0DEE00EE7049 /* AppDelegate.swift */,
				9FA51244299E0DEE00EE7049 /* SceneDelegate.swift */,
				9FA51248299E0DEE00EE7049 /* Main.storyboard */,
				9FA5124B299E0DF000EE7049 /* Assets.xcassets */,
				9FA5124D299E0DF000EE7049 /* LaunchScreen.storyboard */,
				9FA51250299E0DF000EE7049 /* Info.plist */,
			);
			path = "Composition-Deffable-DEWA";
			sourceTree = "<group>";
		};
		9FA51258299E0DF100EE7049 /* Composition-Deffable-DEWATests */ = {
			isa = PBXGroup;
			children = (
				9FA51259299E0DF100EE7049 /* Composition_Deffable_DEWATests.swift */,
			);
			path = "Composition-Deffable-DEWATests";
			sourceTree = "<group>";
		};
		9FA51262299E0DF100EE7049 /* Composition-Deffable-DEWAUITests */ = {
			isa = PBXGroup;
			children = (
				9FA51263299E0DF100EE7049 /* Composition_Deffable_DEWAUITests.swift */,
				9FA51265299E0DF100EE7049 /* Composition_Deffable_DEWAUITestsLaunchTests.swift */,
			);
			path = "Composition-Deffable-DEWAUITests";
			sourceTree = "<group>";
		};
		9FA51273299E121800EE7049 /* Utils */ = {
			isa = PBXGroup;
			children = (
				9FA51276299E129100EE7049 /* ViewControllerFactory.swift */,
				9FA5127C299E140400EE7049 /* LocationManager.swift */,
				9FA5127E299E19E400EE7049 /* ColorUtil.swift */,
			);
			path = Utils;
			sourceTree = "<group>";
		};
		9FA51274299E122500EE7049 /* Modules */ = {
			isa = PBXGroup;
			children = (
				9F56D21F299F8734009F798D /* OffilceList */,
				9F56D220299F8742009F798D /* LocationList */,
				9F56D22E299F8A5A009F798D /* TabBar */,
				9F69BD1129A0BAB500A9692B /* MapDetails */,
			);
			path = Modules;
			sourceTree = "<group>";
		};
		9FA51275299E122E00EE7049 /* Base */ = {
			isa = PBXGroup;
			children = (
				9FA51280299E1AF400EE7049 /* BaseViewController.swift */,
			);
			path = Base;
			sourceTree = "<group>";
		};
		9FA51282299E272C00EE7049 /* Networking */ = {
			isa = PBXGroup;
			children = (
				9FA5128B299E27A400EE7049 /* Requests */,
				9FA51285299E276600EE7049 /* Endpoint.swift */,
				9FA51283299E276500EE7049 /* HTTPClient.swift */,
				9FA51284299E276600EE7049 /* RequestError.swift */,
				9FA51286299E276600EE7049 /* RequestMethod.swift */,
			);
			path = Networking;
			sourceTree = "<group>";
		};
		9FA5128B299E27A400EE7049 /* Requests */ = {
			isa = PBXGroup;
			children = (
				9FA5128C299E27A400EE7049 /* LocationEndpoint.swift */,
			);
			path = Requests;
			sourceTree = "<group>";
		};
		9FA51293299E2B9B00EE7049 /* Models */ = {
			isa = PBXGroup;
			children = (
				9FA51294299E2BA500EE7049 /* Location.swift */,
			);
			path = Models;
			sourceTree = "<group>";
		};
/* End PBXGroup section */

/* Begin PBXNativeTarget section */
		9FA5123E299E0DEE00EE7049 /* Compositional-Diffable-DEWA */ = {
			isa = PBXNativeTarget;
			buildConfigurationList = 9FA51269299E0DF100EE7049 /* Build configuration list for PBXNativeTarget "Compositional-Diffable-DEWA" */;
			buildPhases = (
				9FA5123B299E0DEE00EE7049 /* Sources */,
				9FA5123C299E0DEE00EE7049 /* Frameworks */,
				9FA5123D299E0DEE00EE7049 /* Resources */,
				9FA51272299E103300EE7049 /* ShellScript */,
			);
			buildRules = (
			);
			dependencies = (
			);
			name = "Compositional-Diffable-DEWA";
			packageProductDependencies = (
				9FA5128F299E284A00EE7049 /* XMLParsing */,
				9F69BD1329A0EFC200A9692B /* SDWebImage */,
			);
			productName = "Composition-Deffable-DEWA";
			productReference = 9FA5123F299E0DEE00EE7049 /* Compositional-Diffable-DEWA.app */;
			productType = "com.apple.product-type.application";
		};
		9FA51254299E0DF100EE7049 /* Compositional-Diffable-DEWATests */ = {
			isa = PBXNativeTarget;
			buildConfigurationList = 9FA5126C299E0DF100EE7049 /* Build configuration list for PBXNativeTarget "Compositional-Diffable-DEWATests" */;
			buildPhases = (
				9FA51251299E0DF100EE7049 /* Sources */,
				9FA51252299E0DF100EE7049 /* Frameworks */,
				9FA51253299E0DF100EE7049 /* Resources */,
			);
			buildRules = (
			);
			dependencies = (
				9FA51257299E0DF100EE7049 /* PBXTargetDependency */,
			);
			name = "Compositional-Diffable-DEWATests";
			productName = "Composition-Deffable-DEWATests";
			productReference = 9FA51255299E0DF100EE7049 /* Compositional-Diffable-DEWATests.xctest */;
			productType = "com.apple.product-type.bundle.unit-test";
		};
		9FA5125E299E0DF100EE7049 /* Compositional-Diffable-DEWAUITests */ = {
			isa = PBXNativeTarget;
			buildConfigurationList = 9FA5126F299E0DF100EE7049 /* Build configuration list for PBXNativeTarget "Compositional-Diffable-DEWAUITests" */;
			buildPhases = (
				9FA5125B299E0DF100EE7049 /* Sources */,
				9FA5125C299E0DF100EE7049 /* Frameworks */,
				9FA5125D299E0DF100EE7049 /* Resources */,
			);
			buildRules = (
			);
			dependencies = (
				9FA51261299E0DF100EE7049 /* PBXTargetDependency */,
			);
			name = "Compositional-Diffable-DEWAUITests";
			productName = "Composition-Deffable-DEWAUITests";
			productReference = 9FA5125F299E0DF100EE7049 /* Compositional-Diffable-DEWAUITests.xctest */;
			productType = "com.apple.product-type.bundle.ui-testing";
		};
/* End PBXNativeTarget section */

/* Begin PBXProject section */
		9FA51237299E0DEE00EE7049 /* Project object */ = {
			isa = PBXProject;
			attributes = {
				BuildIndependentTargetsInParallel = 1;
				LastSwiftUpdateCheck = 1410;
				LastUpgradeCheck = 1410;
				TargetAttributes = {
					9FA5123E299E0DEE00EE7049 = {
						CreatedOnToolsVersion = 14.1;
					};
					9FA51254299E0DF100EE7049 = {
						CreatedOnToolsVersion = 14.1;
						TestTargetID = 9FA5123E299E0DEE00EE7049;
					};
					9FA5125E299E0DF100EE7049 = {
						CreatedOnToolsVersion = 14.1;
						TestTargetID = 9FA5123E299E0DEE00EE7049;
					};
				};
			};
			buildConfigurationList = 9FA5123A299E0DEE00EE7049 /* Build configuration list for PBXProject "Compositional-Diffable-DEWA" */;
			compatibilityVersion = "Xcode 14.0";
			developmentRegion = en;
			hasScannedForEncodings = 0;
			knownRegions = (
				en,
				Base,
			);
			mainGroup = 9FA51236299E0DEE00EE7049;
			packageReferences = (
				9FA5128E299E284A00EE7049 /* XCRemoteSwiftPackageReference "XMLParsing" */,
				9F69BD1229A0EFC200A9692B /* XCRemoteSwiftPackageReference "SDWebImage" */,
			);
			productRefGroup = 9FA51240299E0DEE00EE7049 /* Products */;
			projectDirPath = "";
			projectRoot = "";
			targets = (
				9FA5123E299E0DEE00EE7049 /* Compositional-Diffable-DEWA */,
				9FA51254299E0DF100EE7049 /* Compositional-Diffable-DEWATests */,
				9FA5125E299E0DF100EE7049 /* Compositional-Diffable-DEWAUITests */,
			);
		};
/* End PBXProject section */

/* Begin PBXResourcesBuildPhase section */
		9FA5123D299E0DEE00EE7049 /* Resources */ = {
			isa = PBXResourcesBuildPhase;
			buildActionMask = 2147483647;
			files = (
				9F56D232299F9C0E009F798D /* OfficeLocationCollectionViewCell.xib in Resources */,
				9F56D224299F876E009F798D /* OfficeListViewController.xib in Resources */,
				9F56D237299FDF65009F798D /* dxb.gpx in Resources */,
				9FA5124F299E0DF000EE7049 /* LaunchScreen.storyboard in Resources */,
				9F69BD0C29A0B64000A9692B /* burj khalifa.gpx in Resources */,
				9FA5124C299E0DF000EE7049 /* Assets.xcassets in Resources */,
				9FA5124A299E0DEE00EE7049 /* Main.storyboard in Resources */,
				9F70DFFB299E9095008D97A9 /* CustomerServiceCollectionViewCell.xib in Resources */,
				9F69BD1029A0BAAE00A9692B /* MapDetailsViewController.xib in Resources */,
				9FA5127B299E12E100EE7049 /* LocationListViewController.xib in Resources */,
			);
			runOnlyForDeploymentPostprocessing = 0;
		};
		9FA51253299E0DF100EE7049 /* Resources */ = {
			isa = PBXResourcesBuildPhase;
			buildActionMask = 2147483647;
			files = (
			);
			runOnlyForDeploymentPostprocessing = 0;
		};
		9FA5125D299E0DF100EE7049 /* Resources */ = {
			isa = PBXResourcesBuildPhase;
			buildActionMask = 2147483647;
			files = (
			);
			runOnlyForDeploymentPostprocessing = 0;
		};
/* End PBXResourcesBuildPhase section */

/* Begin PBXShellScriptBuildPhase section */
		9FA51272299E103300EE7049 /* ShellScript */ = {
			isa = PBXShellScriptBuildPhase;
			buildActionMask = 2147483647;
			files = (
			);
			inputFileListPaths = (
			);
			inputPaths = (
			);
			outputFileListPaths = (
			);
			outputPaths = (
			);
			runOnlyForDeploymentPostprocessing = 0;
			shellPath = /bin/sh;
			shellScript = "
";
		};
/* End PBXShellScriptBuildPhase section */

/* Begin PBXSourcesBuildPhase section */
		9FA5123B299E0DEE00EE7049 /* Sources */ = {
			isa = PBXSourcesBuildPhase;
			buildActionMask = 2147483647;
			files = (
				9F56D223299F876E009F798D /* OfficeListViewController.swift in Sources */,
				9FA5127A299E12E100EE7049 /* LocationListViewController.swift in Sources */,
				9F56D235299FD16A009F798D /* AppTabbarViewModel.swift in Sources */,
				9FA5127D299E140400EE7049 /* LocationManager.swift in Sources */,
				9F56D226299F87AA009F798D /* OfficeListViewModel.swift in Sources */,
				9FA51287299E276600EE7049 /* HTTPClient.swift in Sources */,
				9FA5128D299E27A500EE7049 /* LocationEndpoint.swift in Sources */,
				9FA51277299E129100EE7049 /* ViewControllerFactory.swift in Sources */,
				9FA51289299E276600EE7049 /* Endpoint.swift in Sources */,
				9FA51295299E2BA500EE7049 /* Location.swift in Sources */,
				9F56D229299F87DA009F798D /* OfficeModels.swift in Sources */,
				9FA5128A299E276600EE7049 /* RequestMethod.swift in Sources */,
				9FA5127F299E19E400EE7049 /* ColorUtil.swift in Sources */,
				9F56D22C299F8A52009F798D /* AppTabBarViewController.swift in Sources */,
				9F69BD0F29A0BAAE00A9692B /* MapDetailsViewController.swift in Sources */,
				9F56D231299F9C0E009F798D /* OfficeLocationCollectionViewCell.swift in Sources */,
				9FA51243299E0DEE00EE7049 /* AppDelegate.swift in Sources */,
				9FA51281299E1AF400EE7049 /* BaseViewController.swift in Sources */,
				9FA51245299E0DEE00EE7049 /* SceneDelegate.swift in Sources */,
				9FA51292299E2B3D00EE7049 /* LocationListViewModel.swift in Sources */,
				9F70DFFA299E9095008D97A9 /* CustomerServiceCollectionViewCell.swift in Sources */,
				9FA51288299E276600EE7049 /* RequestError.swift in Sources */,
			);
			runOnlyForDeploymentPostprocessing = 0;
		};
		9FA51251299E0DF100EE7049 /* Sources */ = {
			isa = PBXSourcesBuildPhase;
			buildActionMask = 2147483647;
			files = (
				9FA5125A299E0DF100EE7049 /* Composition_Deffable_DEWATests.swift in Sources */,
			);
			runOnlyForDeploymentPostprocessing = 0;
		};
		9FA5125B299E0DF100EE7049 /* Sources */ = {
			isa = PBXSourcesBuildPhase;
			buildActionMask = 2147483647;
			files = (
				9FA51264299E0DF100EE7049 /* Composition_Deffable_DEWAUITests.swift in Sources */,
				9FA51266299E0DF100EE7049 /* Composition_Deffable_DEWAUITestsLaunchTests.swift in Sources */,
			);
			runOnlyForDeploymentPostprocessing = 0;
		};
/* End PBXSourcesBuildPhase section */

/* Begin PBXTargetDependency section */
		9FA51257299E0DF100EE7049 /* PBXTargetDependency */ = {
			isa = PBXTargetDependency;
			target = 9FA5123E299E0DEE00EE7049 /* Compositional-Diffable-DEWA */;
			targetProxy = 9FA51256299E0DF100EE7049 /* PBXContainerItemProxy */;
		};
		9FA51261299E0DF100EE7049 /* PBXTargetDependency */ = {
			isa = PBXTargetDependency;
			target = 9FA5123E299E0DEE00EE7049 /* Compositional-Diffable-DEWA */;
			targetProxy = 9FA51260299E0DF100EE7049 /* PBXContainerItemProxy */;
		};
/* End PBXTargetDependency section */

/* Begin PBXVariantGroup section */
		9FA51248299E0DEE00EE7049 /* Main.storyboard */ = {
			isa = PBXVariantGroup;
			children = (
				9FA51249299E0DEE00EE7049 /* Base */,
			);
			name = Main.storyboard;
			sourceTree = "<group>";
		};
		9FA5124D299E0DF000EE7049 /* LaunchScreen.storyboard */ = {
			isa = PBXVariantGroup;
			children = (
				9FA5124E299E0DF000EE7049 /* Base */,
			);
			name = LaunchScreen.storyboard;
			sourceTree = "<group>";
		};
/* End PBXVariantGroup section */

/* Begin XCBuildConfiguration section */
		9FA51267299E0DF100EE7049 /* Debug */ = {
			isa = XCBuildConfiguration;
			buildSettings = {
				ALWAYS_SEARCH_USER_PATHS = NO;
				CLANG_ANALYZER_NONNULL = YES;
				CLANG_ANALYZER_NUMBER_OBJECT_CONVERSION = YES_AGGRESSIVE;
				CLANG_CXX_LANGUAGE_STANDARD = "gnu++20";
				CLANG_ENABLE_MODULES = YES;
				CLANG_ENABLE_OBJC_ARC = YES;
				CLANG_ENABLE_OBJC_WEAK = YES;
				CLANG_WARN_BLOCK_CAPTURE_AUTORELEASING = YES;
				CLANG_WARN_BOOL_CONVERSION = YES;
				CLANG_WARN_COMMA = YES;
				CLANG_WARN_CONSTANT_CONVERSION = YES;
				CLANG_WARN_DEPRECATED_OBJC_IMPLEMENTATIONS = YES;
				CLANG_WARN_DIRECT_OBJC_ISA_USAGE = YES_ERROR;
				CLANG_WARN_DOCUMENTATION_COMMENTS = YES;
				CLANG_WARN_EMPTY_BODY = YES;
				CLANG_WARN_ENUM_CONVERSION = YES;
				CLANG_WARN_INFINITE_RECURSION = YES;
				CLANG_WARN_INT_CONVERSION = YES;
				CLANG_WARN_NON_LITERAL_NULL_CONVERSION = YES;
				CLANG_WARN_OBJC_IMPLICIT_RETAIN_SELF = YES;
				CLANG_WARN_OBJC_LITERAL_CONVERSION = YES;
				CLANG_WARN_OBJC_ROOT_CLASS = YES_ERROR;
				CLANG_WARN_QUOTED_INCLUDE_IN_FRAMEWORK_HEADER = YES;
				CLANG_WARN_RANGE_LOOP_ANALYSIS = YES;
				CLANG_WARN_STRICT_PROTOTYPES = YES;
				CLANG_WARN_SUSPICIOUS_MOVE = YES;
				CLANG_WARN_UNGUARDED_AVAILABILITY = YES_AGGRESSIVE;
				CLANG_WARN_UNREACHABLE_CODE = YES;
				CLANG_WARN__DUPLICATE_METHOD_MATCH = YES;
				COPY_PHASE_STRIP = NO;
				DEBUG_INFORMATION_FORMAT = dwarf;
				ENABLE_STRICT_OBJC_MSGSEND = YES;
				ENABLE_TESTABILITY = YES;
				GCC_C_LANGUAGE_STANDARD = gnu11;
				GCC_DYNAMIC_NO_PIC = NO;
				GCC_NO_COMMON_BLOCKS = YES;
				GCC_OPTIMIZATION_LEVEL = 0;
				GCC_PREPROCESSOR_DEFINITIONS = (
					"DEBUG=1",
					"$(inherited)",
				);
				GCC_WARN_64_TO_32_BIT_CONVERSION = YES;
				GCC_WARN_ABOUT_RETURN_TYPE = YES_ERROR;
				GCC_WARN_UNDECLARED_SELECTOR = YES;
				GCC_WARN_UNINITIALIZED_AUTOS = YES_AGGRESSIVE;
				GCC_WARN_UNUSED_FUNCTION = YES;
				GCC_WARN_UNUSED_VARIABLE = YES;
				IPHONEOS_DEPLOYMENT_TARGET = 16.1;
				MTL_ENABLE_DEBUG_INFO = INCLUDE_SOURCE;
				MTL_FAST_MATH = YES;
				ONLY_ACTIVE_ARCH = YES;
				SDKROOT = iphoneos;
				SWIFT_ACTIVE_COMPILATION_CONDITIONS = DEBUG;
				SWIFT_OPTIMIZATION_LEVEL = "-Onone";
			};
			name = Debug;
		};
		9FA51268299E0DF100EE7049 /* Release */ = {
			isa = XCBuildConfiguration;
			buildSettings = {
				ALWAYS_SEARCH_USER_PATHS = NO;
				CLANG_ANALYZER_NONNULL = YES;
				CLANG_ANALYZER_NUMBER_OBJECT_CONVERSION = YES_AGGRESSIVE;
				CLANG_CXX_LANGUAGE_STANDARD = "gnu++20";
				CLANG_ENABLE_MODULES = YES;
				CLANG_ENABLE_OBJC_ARC = YES;
				CLANG_ENABLE_OBJC_WEAK = YES;
				CLANG_WARN_BLOCK_CAPTURE_AUTORELEASING = YES;
				CLANG_WARN_BOOL_CONVERSION = YES;
				CLANG_WARN_COMMA = YES;
				CLANG_WARN_CONSTANT_CONVERSION = YES;
				CLANG_WARN_DEPRECATED_OBJC_IMPLEMENTATIONS = YES;
				CLANG_WARN_DIRECT_OBJC_ISA_USAGE = YES_ERROR;
				CLANG_WARN_DOCUMENTATION_COMMENTS = YES;
				CLANG_WARN_EMPTY_BODY = YES;
				CLANG_WARN_ENUM_CONVERSION = YES;
				CLANG_WARN_INFINITE_RECURSION = YES;
				CLANG_WARN_INT_CONVERSION = YES;
				CLANG_WARN_NON_LITERAL_NULL_CONVERSION = YES;
				CLANG_WARN_OBJC_IMPLICIT_RETAIN_SELF = YES;
				CLANG_WARN_OBJC_LITERAL_CONVERSION = YES;
				CLANG_WARN_OBJC_ROOT_CLASS = YES_ERROR;
				CLANG_WARN_QUOTED_INCLUDE_IN_FRAMEWORK_HEADER = YES;
				CLANG_WARN_RANGE_LOOP_ANALYSIS = YES;
				CLANG_WARN_STRICT_PROTOTYPES = YES;
				CLANG_WARN_SUSPICIOUS_MOVE = YES;
				CLANG_WARN_UNGUARDED_AVAILABILITY = YES_AGGRESSIVE;
				CLANG_WARN_UNREACHABLE_CODE = YES;
				CLANG_WARN__DUPLICATE_METHOD_MATCH = YES;
				COPY_PHASE_STRIP = NO;
				DEBUG_INFORMATION_FORMAT = "dwarf-with-dsym";
				ENABLE_NS_ASSERTIONS = NO;
				ENABLE_STRICT_OBJC_MSGSEND = YES;
				GCC_C_LANGUAGE_STANDARD = gnu11;
				GCC_NO_COMMON_BLOCKS = YES;
				GCC_WARN_64_TO_32_BIT_CONVERSION = YES;
				GCC_WARN_ABOUT_RETURN_TYPE = YES_ERROR;
				GCC_WARN_UNDECLARED_SELECTOR = YES;
				GCC_WARN_UNINITIALIZED_AUTOS = YES_AGGRESSIVE;
				GCC_WARN_UNUSED_FUNCTION = YES;
				GCC_WARN_UNUSED_VARIABLE = YES;
				IPHONEOS_DEPLOYMENT_TARGET = 16.1;
				MTL_ENABLE_DEBUG_INFO = NO;
				MTL_FAST_MATH = YES;
				SDKROOT = iphoneos;
				SWIFT_COMPILATION_MODE = wholemodule;
				SWIFT_OPTIMIZATION_LEVEL = "-O";
				VALIDATE_PRODUCT = YES;
			};
			name = Release;
		};
		9FA5126A299E0DF100EE7049 /* Debug */ = {
			isa = XCBuildConfiguration;
			buildSettings = {
				ASSETCATALOG_COMPILER_APPICON_NAME = AppIcon;
				ASSETCATALOG_COMPILER_GLOBAL_ACCENT_COLOR_NAME = AccentColor;
				CODE_SIGN_STYLE = Automatic;
				CURRENT_PROJECT_VERSION = 1;
				GENERATE_INFOPLIST_FILE = YES;
				INFOPLIST_FILE = "Composition-Deffable-DEWA/Info.plist";
				INFOPLIST_KEY_NSLocationWhenInUseUsageDescription = "Inorder to list app services nearest to your location we need the current location of your device";
				INFOPLIST_KEY_UIApplicationSupportsIndirectInputEvents = YES;
				INFOPLIST_KEY_UILaunchStoryboardName = LaunchScreen;
				INFOPLIST_KEY_UIMainStoryboardFile = Main;
				INFOPLIST_KEY_UISupportedInterfaceOrientations = UIInterfaceOrientationPortrait;
				IPHONEOS_DEPLOYMENT_TARGET = 14.0;
				LD_RUNPATH_SEARCH_PATHS = (
					"$(inherited)",
					"@executable_path/Frameworks",
				);
				MARKETING_VERSION = 1.0;
				PRODUCT_BUNDLE_IDENTIFIER = "com.learning.Composition-Deffable-DEWA";
				PRODUCT_NAME = "$(TARGET_NAME)";
				SWIFT_EMIT_LOC_STRINGS = YES;
				SWIFT_VERSION = 5.0;
				TARGETED_DEVICE_FAMILY = "1,2";
			};
			name = Debug;
		};
		9FA5126B299E0DF100EE7049 /* Release */ = {
			isa = XCBuildConfiguration;
			buildSettings = {
				ASSETCATALOG_COMPILER_APPICON_NAME = AppIcon;
				ASSETCATALOG_COMPILER_GLOBAL_ACCENT_COLOR_NAME = AccentColor;
				CODE_SIGN_STYLE = Automatic;
				CURRENT_PROJECT_VERSION = 1;
				GENERATE_INFOPLIST_FILE = YES;
				INFOPLIST_FILE = "Composition-Deffable-DEWA/Info.plist";
				INFOPLIST_KEY_NSLocationWhenInUseUsageDescription = "Inorder to list app services nearest to your location we need the current location of your device";
				INFOPLIST_KEY_UIApplicationSupportsIndirectInputEvents = YES;
				INFOPLIST_KEY_UILaunchStoryboardName = LaunchScreen;
				INFOPLIST_KEY_UIMainStoryboardFile = Main;
				INFOPLIST_KEY_UISupportedInterfaceOrientations = UIInterfaceOrientationPortrait;
				IPHONEOS_DEPLOYMENT_TARGET = 14.0;
				LD_RUNPATH_SEARCH_PATHS = (
					"$(inherited)",
					"@executable_path/Frameworks",
				);
				MARKETING_VERSION = 1.0;
				PRODUCT_BUNDLE_IDENTIFIER = "com.learning.Composition-Deffable-DEWA";
				PRODUCT_NAME = "$(TARGET_NAME)";
				SWIFT_EMIT_LOC_STRINGS = YES;
				SWIFT_VERSION = 5.0;
				TARGETED_DEVICE_FAMILY = "1,2";
			};
			name = Release;
		};
		9FA5126D299E0DF100EE7049 /* Debug */ = {
			isa = XCBuildConfiguration;
			buildSettings = {
				ALWAYS_EMBED_SWIFT_STANDARD_LIBRARIES = YES;
				BUNDLE_LOADER = "$(TEST_HOST)";
				CODE_SIGN_STYLE = Automatic;
				CURRENT_PROJECT_VERSION = 1;
				GENERATE_INFOPLIST_FILE = YES;
				IPHONEOS_DEPLOYMENT_TARGET = 16.1;
				MARKETING_VERSION = 1.0;
				PRODUCT_BUNDLE_IDENTIFIER = "com.learning.Composition-Deffable-DEWATests";
				PRODUCT_NAME = "$(TARGET_NAME)";
				SWIFT_EMIT_LOC_STRINGS = NO;
				SWIFT_VERSION = 5.0;
				TARGETED_DEVICE_FAMILY = "1,2";
				TEST_HOST = "$(BUILT_PRODUCTS_DIR)/Composition-Deffable-DEWA.app/$(BUNDLE_EXECUTABLE_FOLDER_PATH)/Composition-Deffable-DEWA";
			};
			name = Debug;
		};
		9FA5126E299E0DF100EE7049 /* Release */ = {
			isa = XCBuildConfiguration;
			buildSettings = {
				ALWAYS_EMBED_SWIFT_STANDARD_LIBRARIES = YES;
				BUNDLE_LOADER = "$(TEST_HOST)";
				CODE_SIGN_STYLE = Automatic;
				CURRENT_PROJECT_VERSION = 1;
				GENERATE_INFOPLIST_FILE = YES;
				IPHONEOS_DEPLOYMENT_TARGET = 16.1;
				MARKETING_VERSION = 1.0;
				PRODUCT_BUNDLE_IDENTIFIER = "com.learning.Composition-Deffable-DEWATests";
				PRODUCT_NAME = "$(TARGET_NAME)";
				SWIFT_EMIT_LOC_STRINGS = NO;
				SWIFT_VERSION = 5.0;
				TARGETED_DEVICE_FAMILY = "1,2";
				TEST_HOST = "$(BUILT_PRODUCTS_DIR)/Composition-Deffable-DEWA.app/$(BUNDLE_EXECUTABLE_FOLDER_PATH)/Composition-Deffable-DEWA";
			};
			name = Release;
		};
		9FA51270299E0DF100EE7049 /* Debug */ = {
			isa = XCBuildConfiguration;
			buildSettings = {
				ALWAYS_EMBED_SWIFT_STANDARD_LIBRARIES = YES;
				CODE_SIGN_STYLE = Automatic;
				CURRENT_PROJECT_VERSION = 1;
				GENERATE_INFOPLIST_FILE = YES;
				MARKETING_VERSION = 1.0;
				PRODUCT_BUNDLE_IDENTIFIER = "com.learning.Composition-Deffable-DEWAUITests";
				PRODUCT_NAME = "$(TARGET_NAME)";
				SWIFT_EMIT_LOC_STRINGS = NO;
				SWIFT_VERSION = 5.0;
				TARGETED_DEVICE_FAMILY = "1,2";
				TEST_TARGET_NAME = "Composition-Deffable-DEWA";
			};
			name = Debug;
		};
		9FA51271299E0DF100EE7049 /* Release */ = {
			isa = XCBuildConfiguration;
			buildSettings = {
				ALWAYS_EMBED_SWIFT_STANDARD_LIBRARIES = YES;
				CODE_SIGN_STYLE = Automatic;
				CURRENT_PROJECT_VERSION = 1;
				GENERATE_INFOPLIST_FILE = YES;
				MARKETING_VERSION = 1.0;
				PRODUCT_BUNDLE_IDENTIFIER = "com.learning.Composition-Deffable-DEWAUITests";
				PRODUCT_NAME = "$(TARGET_NAME)";
				SWIFT_EMIT_LOC_STRINGS = NO;
				SWIFT_VERSION = 5.0;
				TARGETED_DEVICE_FAMILY = "1,2";
				TEST_TARGET_NAME = "Composition-Deffable-DEWA";
			};
			name = Release;
		};
/* End XCBuildConfiguration section */

/* Begin XCConfigurationList section */
		9FA5123A299E0DEE00EE7049 /* Build configuration list for PBXProject "Compositional-Diffable-DEWA" */ = {
			isa = XCConfigurationList;
			buildConfigurations = (
				9FA51267299E0DF100EE7049 /* Debug */,
				9FA51268299E0DF100EE7049 /* Release */,
			);
			defaultConfigurationIsVisible = 0;
			defaultConfigurationName = Release;
		};
		9FA51269299E0DF100EE7049 /* Build configuration list for PBXNativeTarget "Compositional-Diffable-DEWA" */ = {
			isa = XCConfigurationList;
			buildConfigurations = (
				9FA5126A299E0DF100EE7049 /* Debug */,
				9FA5126B299E0DF100EE7049 /* Release */,
			);
			defaultConfigurationIsVisible = 0;
			defaultConfigurationName = Release;
		};
		9FA5126C299E0DF100EE7049 /* Build configuration list for PBXNativeTarget "Compositional-Diffable-DEWATests" */ = {
			isa = XCConfigurationList;
			buildConfigurations = (
				9FA5126D299E0DF100EE7049 /* Debug */,
				9FA5126E299E0DF100EE7049 /* Release */,
			);
			defaultConfigurationIsVisible = 0;
			defaultConfigurationName = Release;
		};
		9FA5126F299E0DF100EE7049 /* Build configuration list for PBXNativeTarget "Compositional-Diffable-DEWAUITests" */ = {
			isa = XCConfigurationList;
			buildConfigurations = (
				9FA51270299E0DF100EE7049 /* Debug */,
				9FA51271299E0DF100EE7049 /* Release */,
			);
			defaultConfigurationIsVisible = 0;
			defaultConfigurationName = Release;
		};
/* End XCConfigurationList section */

/* Begin XCRemoteSwiftPackageReference section */
		9F69BD1229A0EFC200A9692B /* XCRemoteSwiftPackageReference "SDWebImage" */ = {
			isa = XCRemoteSwiftPackageReference;
			repositoryURL = "https://github.com/SDWebImage/SDWebImage";
			requirement = {
				kind = upToNextMajorVersion;
				minimumVersion = 5.0.0;
			};
		};
		9FA5128E299E284A00EE7049 /* XCRemoteSwiftPackageReference "XMLParsing" */ = {
			isa = XCRemoteSwiftPackageReference;
			repositoryURL = "https://github.com/ShawnMoore/XMLParsing";
			requirement = {
				kind = upToNextMajorVersion;
				minimumVersion = 0.0.3;
			};
		};
/* End XCRemoteSwiftPackageReference section */

/* Begin XCSwiftPackageProductDependency section */
		9F69BD1329A0EFC200A9692B /* SDWebImage */ = {
			isa = XCSwiftPackageProductDependency;
			package = 9F69BD1229A0EFC200A9692B /* XCRemoteSwiftPackageReference "SDWebImage" */;
			productName = SDWebImage;
		};
		9FA5128F299E284A00EE7049 /* XMLParsing */ = {
			isa = XCSwiftPackageProductDependency;
			package = 9FA5128E299E284A00EE7049 /* XCRemoteSwiftPackageReference "XMLParsing" */;
			productName = XMLParsing;
		};
/* End XCSwiftPackageProductDependency section */
	};
	rootObject = 9FA51237299E0DEE00EE7049 /* Project object */;
}
